
Microsoft Visual Studio Solution File, Format Version 12.00
# Visual Studio Version 17
VisualStudioVersion = 17.12.35728.132 d17.12
MinimumVisualStudioVersion = 10.0.40219.1
Project("{FAE04EC0-301F-11D3-BF4B-00C04F79EFBC}") = "GenCoreAPI", "GenCoreAPI\GenCoreAPI.csproj", "{3E5D4378-0BAA-4A80-98A7-BCEDBB759E8F}"
EndProject
Project("{FAE04EC0-301F-11D3-BF4B-00C04F79EFBC}") = "GCDomain", "GCDomain\GCDomain.csproj", "{4A3F5F62-9711-46BA-BCEC-E0F58F5E03A7}"
EndProject
Project("{FAE04EC0-301F-11D3-BF4B-00C04F79EFBC}") = "GCServices", "GCServices\GCServices.csproj", "{52972218-3706-4885-BDDB-04F11B122566}"
EndProject
Global
	GlobalSection(SolutionConfigurationPlatforms) = preSolution
		Debug|Any CPU = Debug|Any CPU
		Release|Any CPU = Release|Any CPU
	EndGlobalSection
	GlobalSection(ProjectConfigurationPlatforms) = postSolution
		{3E5D4378-0BAA-4A80-98A7-BCEDBB759E8F}.Debug|Any CPU.ActiveCfg = Debug|Any CPU
		{3E5D4378-0BAA-4A80-98A7-BCEDBB759E8F}.Debug|Any CPU.Build.0 = Debug|Any CPU
		{3E5D4378-0BAA-4A80-98A7-BCEDBB759E8F}.Release|Any CPU.ActiveCfg = Release|Any CPU
		{3E5D4378-0BAA-4A80-98A7-BCEDBB759E8F}.Release|Any CPU.Build.0 = Release|Any CPU
		{4A3F5F62-9711-46BA-BCEC-E0F58F5E03A7}.Debug|Any CPU.ActiveCfg = Debug|Any CPU
		{4A3F5F62-9711-46BA-BCEC-E0F58F5E03A7}.Debug|Any CPU.Build.0 = Debug|Any CPU
		{4A3F5F62-9711-46BA-BCEC-E0F58F5E03A7}.Release|Any CPU.ActiveCfg = Release|Any CPU
		{4A3F5F62-9711-46BA-BCEC-E0F58F5E03A7}.Release|Any CPU.Build.0 = Release|Any CPU
		{52972218-3706-4885-BDDB-04F11B122566}.Debug|Any CPU.ActiveCfg = Debug|Any CPU
		{52972218-3706-4885-BDDB-04F11B122566}.Debug|Any CPU.Build.0 = Debug|Any CPU
		{52972218-3706-4885-BDDB-04F11B122566}.Release|Any CPU.ActiveCfg = Release|Any CPU
		{52972218-3706-4885-BDDB-04F11B122566}.Release|Any CPU.Build.0 = Release|Any CPU
	EndGlobalSection
	GlobalSection(SolutionProperties) = preSolution
		HideSolutionNode = FALSE
	EndGlobalSection
EndGlobal
